// !$*UTF8*$!
{
	archiveVersion = 1;
	classes = {
	};
	objectVersion = 46;
	objects = {

/* Begin PBXBuildFile section */
		2E0DE7CC1B54C915005657EF /* SQLSectionInfo.m in Sources */ = {isa = PBXBuildFile; fileRef = 2E0DE7CB1B54C915005657EF /* SQLSectionInfo.m */; };
		2E2958741B425DB800421BF7 /* TableViewController.swift in Sources */ = {isa = PBXBuildFile; fileRef = 2E2958731B425DB800421BF7 /* TableViewController.swift */; };
		2E2E9DE11B422AED002EE811 /* AppDelegate.swift in Sources */ = {isa = PBXBuildFile; fileRef = 2E2E9DE01B422AED002EE811 /* AppDelegate.swift */; };
		2E2E9DE61B422AED002EE811 /* Main.storyboard in Resources */ = {isa = PBXBuildFile; fileRef = 2E2E9DE41B422AED002EE811 /* Main.storyboard */; };
		2E2E9DE81B422AED002EE811 /* Images.xcassets in Resources */ = {isa = PBXBuildFile; fileRef = 2E2E9DE71B422AED002EE811 /* Images.xcassets */; };
		2E2E9DEB1B422AED002EE811 /* LaunchScreen.xib in Resources */ = {isa = PBXBuildFile; fileRef = 2E2E9DE91B422AED002EE811 /* LaunchScreen.xib */; };
		2E2E9DF71B422AED002EE811 /* SQL_Fetch_ExampleTests.swift in Sources */ = {isa = PBXBuildFile; fileRef = 2E2E9DF61B422AED002EE811 /* SQL_Fetch_ExampleTests.swift */; };
		2E2E9E181B422C87002EE811 /* CreateDataViewController.swift in Sources */ = {isa = PBXBuildFile; fileRef = 2E2E9E171B422C87002EE811 /* CreateDataViewController.swift */; };
		2E2E9E1C1B422FBA002EE811 /* DatabaseSetup.swift in Sources */ = {isa = PBXBuildFile; fileRef = 2E2E9E1B1B422FBA002EE811 /* DatabaseSetup.swift */; };
		2E2E9E241B4238C9002EE811 /* libsqlite3.dylib in Frameworks */ = {isa = PBXBuildFile; fileRef = 2E2E9E231B4238C9002EE811 /* libsqlite3.dylib */; };
		2E43D5E41B4D5F9E008106CF /* SQLFetchedResultsController.m in Sources */ = {isa = PBXBuildFile; fileRef = 2E43D5DF1B4D5F9E008106CF /* SQLFetchedResultsController.m */; };
		2E43D5E51B4D5F9E008106CF /* SQLFetchRequest.m in Sources */ = {isa = PBXBuildFile; fileRef = 2E43D5E11B4D5F9E008106CF /* SQLFetchRequest.m */; };
		2E43D5E61B4D5F9E008106CF /* SQLSortDescriptor.m in Sources */ = {isa = PBXBuildFile; fileRef = 2E43D5E31B4D5F9E008106CF /* SQLSortDescriptor.m */; };
		2EA4D3BF1B4D2B01008C0A16 /* FMDatabase.m in Sources */ = {isa = PBXBuildFile; fileRef = 2EA4D3B51B4D2B01008C0A16 /* FMDatabase.m */; };
		2EA4D3C01B4D2B01008C0A16 /* FMDatabaseAdditions.m in Sources */ = {isa = PBXBuildFile; fileRef = 2EA4D3B71B4D2B01008C0A16 /* FMDatabaseAdditions.m */; };
		2EA4D3C11B4D2B01008C0A16 /* FMDatabasePool.m in Sources */ = {isa = PBXBuildFile; fileRef = 2EA4D3B91B4D2B01008C0A16 /* FMDatabasePool.m */; };
		2EA4D3C21B4D2B01008C0A16 /* FMDatabaseQueue.m in Sources */ = {isa = PBXBuildFile; fileRef = 2EA4D3BB1B4D2B01008C0A16 /* FMDatabaseQueue.m */; };
		2EA4D3C31B4D2B01008C0A16 /* FMResultSet.m in Sources */ = {isa = PBXBuildFile; fileRef = 2EA4D3BE1B4D2B01008C0A16 /* FMResultSet.m */; };
/* End PBXBuildFile section */

/* Begin PBXContainerItemProxy section */
		2E2E9DF11B422AED002EE811 /* PBXContainerItemProxy */ = {
			isa = PBXContainerItemProxy;
			containerPortal = 2E2E9DD31B422AED002EE811 /* Project object */;
			proxyType = 1;
			remoteGlobalIDString = 2E2E9DDA1B422AED002EE811;
			remoteInfo = "SQL Fetch Example";
		};
/* End PBXContainerItemProxy section */

/* Begin PBXFileReference section */
		2E0DE7CA1B54C915005657EF /* SQLSectionInfo.h */ = {isa = PBXFileReference; fileEncoding = 4; lastKnownFileType = sourcecode.c.h; name = SQLSectionInfo.h; path = Src/SQLSectionInfo.h; sourceTree = SOURCE_ROOT; };
		2E0DE7CB1B54C915005657EF /* SQLSectionInfo.m */ = {isa = PBXFileReference; fileEncoding = 4; lastKnownFileType = sourcecode.c.objc; name = SQLSectionInfo.m; path = Src/SQLSectionInfo.m; sourceTree = SOURCE_ROOT; };
		2E2958731B425DB800421BF7 /* TableViewController.swift */ = {isa = PBXFileReference; fileEncoding = 4; lastKnownFileType = sourcecode.swift; path = TableViewController.swift; sourceTree = "<group>"; };
		2E2E9DDB1B422AED002EE811 /* SQL Fetch Example.app */ = {isa = PBXFileReference; explicitFileType = wrapper.application; includeInIndex = 0; path = "SQL Fetch Example.app"; sourceTree = BUILT_PRODUCTS_DIR; };
		2E2E9DDF1B422AED002EE811 /* Info.plist */ = {isa = PBXFileReference; lastKnownFileType = text.plist.xml; path = Info.plist; sourceTree = "<group>"; };
		2E2E9DE01B422AED002EE811 /* AppDelegate.swift */ = {isa = PBXFileReference; lastKnownFileType = sourcecode.swift; path = AppDelegate.swift; sourceTree = "<group>"; };
		2E2E9DE51B422AED002EE811 /* Base */ = {isa = PBXFileReference; lastKnownFileType = file.storyboard; name = Base; path = Base.lproj/Main.storyboard; sourceTree = "<group>"; };
		2E2E9DE71B422AED002EE811 /* Images.xcassets */ = {isa = PBXFileReference; lastKnownFileType = folder.assetcatalog; path = Images.xcassets; sourceTree = "<group>"; };
		2E2E9DEA1B422AED002EE811 /* Base */ = {isa = PBXFileReference; lastKnownFileType = file.xib; name = Base; path = Base.lproj/LaunchScreen.xib; sourceTree = "<group>"; };
		2E2E9DF01B422AED002EE811 /* SQL Fetch ExampleTests.xctest */ = {isa = PBXFileReference; explicitFileType = wrapper.cfbundle; includeInIndex = 0; path = "SQL Fetch ExampleTests.xctest"; sourceTree = BUILT_PRODUCTS_DIR; };
		2E2E9DF51B422AED002EE811 /* Info.plist */ = {isa = PBXFileReference; lastKnownFileType = text.plist.xml; path = Info.plist; sourceTree = "<group>"; };
		2E2E9DF61B422AED002EE811 /* SQL_Fetch_ExampleTests.swift */ = {isa = PBXFileReference; lastKnownFileType = sourcecode.swift; path = SQL_Fetch_ExampleTests.swift; sourceTree = "<group>"; };
		2E2E9E011B422B1B002EE811 /* SQL Fetch Example-Bridging-Header.h */ = {isa = PBXFileReference; lastKnownFileType = sourcecode.c.h; path = "SQL Fetch Example-Bridging-Header.h"; sourceTree = "<group>"; };
		2E2E9E171B422C87002EE811 /* CreateDataViewController.swift */ = {isa = PBXFileReference; fileEncoding = 4; lastKnownFileType = sourcecode.swift; path = CreateDataViewController.swift; sourceTree = "<group>"; };
		2E2E9E1B1B422FBA002EE811 /* DatabaseSetup.swift */ = {isa = PBXFileReference; fileEncoding = 4; lastKnownFileType = sourcecode.swift; path = DatabaseSetup.swift; sourceTree = "<group>"; };
		2E2E9E231B4238C9002EE811 /* libsqlite3.dylib */ = {isa = PBXFileReference; lastKnownFileType = "compiled.mach-o.dylib"; name = libsqlite3.dylib; path = usr/lib/libsqlite3.dylib; sourceTree = SDKROOT; };
		2E43D5DE1B4D5F9E008106CF /* SQLFetchedResultsController.h */ = {isa = PBXFileReference; fileEncoding = 4; lastKnownFileType = sourcecode.c.h; name = SQLFetchedResultsController.h; path = Src/SQLFetchedResultsController.h; sourceTree = SOURCE_ROOT; };
		2E43D5DF1B4D5F9E008106CF /* SQLFetchedResultsController.m */ = {isa = PBXFileReference; fileEncoding = 4; lastKnownFileType = sourcecode.c.objc; name = SQLFetchedResultsController.m; path = Src/SQLFetchedResultsController.m; sourceTree = SOURCE_ROOT; };
		2E43D5E01B4D5F9E008106CF /* SQLFetchRequest.h */ = {isa = PBXFileReference; fileEncoding = 4; lastKnownFileType = sourcecode.c.h; name = SQLFetchRequest.h; path = Src/SQLFetchRequest.h; sourceTree = SOURCE_ROOT; };
		2E43D5E11B4D5F9E008106CF /* SQLFetchRequest.m */ = {isa = PBXFileReference; fileEncoding = 4; lastKnownFileType = sourcecode.c.objc; name = SQLFetchRequest.m; path = Src/SQLFetchRequest.m; sourceTree = SOURCE_ROOT; };
		2E43D5E21B4D5F9E008106CF /* SQLSortDescriptor.h */ = {isa = PBXFileReference; fileEncoding = 4; lastKnownFileType = sourcecode.c.h; name = SQLSortDescriptor.h; path = Src/SQLSortDescriptor.h; sourceTree = SOURCE_ROOT; };
		2E43D5E31B4D5F9E008106CF /* SQLSortDescriptor.m */ = {isa = PBXFileReference; fileEncoding = 4; lastKnownFileType = sourcecode.c.objc; name = SQLSortDescriptor.m; path = Src/SQLSortDescriptor.m; sourceTree = SOURCE_ROOT; };
		2E43D6251B4DF993008106CF /* SQLFRC.h */ = {isa = PBXFileReference; fileEncoding = 4; lastKnownFileType = sourcecode.c.h; name = SQLFRC.h; path = Src/SQLFRC.h; sourceTree = SOURCE_ROOT; };
		2EA4D3B41B4D2B01008C0A16 /* FMDatabase.h */ = {isa = PBXFileReference; fileEncoding = 4; lastKnownFileType = sourcecode.c.h; path = FMDatabase.h; sourceTree = "<group>"; };
		2EA4D3B51B4D2B01008C0A16 /* FMDatabase.m */ = {isa = PBXFileReference; fileEncoding = 4; lastKnownFileType = sourcecode.c.objc; path = FMDatabase.m; sourceTree = "<group>"; };
		2EA4D3B61B4D2B01008C0A16 /* FMDatabaseAdditions.h */ = {isa = PBXFileReference; fileEncoding = 4; lastKnownFileType = sourcecode.c.h; path = FMDatabaseAdditions.h; sourceTree = "<group>"; };
		2EA4D3B71B4D2B01008C0A16 /* FMDatabaseAdditions.m */ = {isa = PBXFileReference; fileEncoding = 4; lastKnownFileType = sourcecode.c.objc; path = FMDatabaseAdditions.m; sourceTree = "<group>"; };
		2EA4D3B81B4D2B01008C0A16 /* FMDatabasePool.h */ = {isa = PBXFileReference; fileEncoding = 4; lastKnownFileType = sourcecode.c.h; path = FMDatabasePool.h; sourceTree = "<group>"; };
		2EA4D3B91B4D2B01008C0A16 /* FMDatabasePool.m */ = {isa = PBXFileReference; fileEncoding = 4; lastKnownFileType = sourcecode.c.objc; path = FMDatabasePool.m; sourceTree = "<group>"; };
		2EA4D3BA1B4D2B01008C0A16 /* FMDatabaseQueue.h */ = {isa = PBXFileReference; fileEncoding = 4; lastKnownFileType = sourcecode.c.h; path = FMDatabaseQueue.h; sourceTree = "<group>"; };
		2EA4D3BB1B4D2B01008C0A16 /* FMDatabaseQueue.m */ = {isa = PBXFileReference; fileEncoding = 4; lastKnownFileType = sourcecode.c.objc; path = FMDatabaseQueue.m; sourceTree = "<group>"; };
		2EA4D3BC1B4D2B01008C0A16 /* FMDB.h */ = {isa = PBXFileReference; fileEncoding = 4; lastKnownFileType = sourcecode.c.h; path = FMDB.h; sourceTree = "<group>"; };
		2EA4D3BD1B4D2B01008C0A16 /* FMResultSet.h */ = {isa = PBXFileReference; fileEncoding = 4; lastKnownFileType = sourcecode.c.h; path = FMResultSet.h; sourceTree = "<group>"; };
		2EA4D3BE1B4D2B01008C0A16 /* FMResultSet.m */ = {isa = PBXFileReference; fileEncoding = 4; lastKnownFileType = sourcecode.c.objc; path = FMResultSet.m; sourceTree = "<group>"; };
/* End PBXFileReference section */

/* Begin PBXFrameworksBuildPhase section */
		2E2E9DD81B422AED002EE811 /* Frameworks */ = {
			isa = PBXFrameworksBuildPhase;
			buildActionMask = 2147483647;
			files = (
				2E2E9E241B4238C9002EE811 /* libsqlite3.dylib in Frameworks */,
			);
			runOnlyForDeploymentPostprocessing = 0;
		};
		2E2E9DED1B422AED002EE811 /* Frameworks */ = {
			isa = PBXFrameworksBuildPhase;
			buildActionMask = 2147483647;
			files = (
			);
			runOnlyForDeploymentPostprocessing = 0;
		};
/* End PBXFrameworksBuildPhase section */

/* Begin PBXGroup section */
		2E2E9DD21B422AED002EE811 = {
			isa = PBXGroup;
			children = (
				2E2E9E231B4238C9002EE811 /* libsqlite3.dylib */,
				2E2E9DDD1B422AED002EE811 /* SQL Fetch Example */,
				2E2E9DF31B422AED002EE811 /* SQL Fetch ExampleTests */,
				2E2E9DDC1B422AED002EE811 /* Products */,
			);
			sourceTree = "<group>";
		};
		2E2E9DDC1B422AED002EE811 /* Products */ = {
			isa = PBXGroup;
			children = (
				2E2E9DDB1B422AED002EE811 /* SQL Fetch Example.app */,
				2E2E9DF01B422AED002EE811 /* SQL Fetch ExampleTests.xctest */,
			);
			name = Products;
			sourceTree = "<group>";
		};
		2E2E9DDD1B422AED002EE811 /* SQL Fetch Example */ = {
			isa = PBXGroup;
			children = (
				2E2E9E121B422B2E002EE811 /* Database */,
				2E2E9E011B422B1B002EE811 /* SQL Fetch Example-Bridging-Header.h */,
				2E2E9DE01B422AED002EE811 /* AppDelegate.swift */,
				2E2E9DE41B422AED002EE811 /* Main.storyboard */,
				2E2958731B425DB800421BF7 /* TableViewController.swift */,
				2E2E9E171B422C87002EE811 /* CreateDataViewController.swift */,
				2E2E9DE71B422AED002EE811 /* Images.xcassets */,
				2E2E9DE91B422AED002EE811 /* LaunchScreen.xib */,
				2E2E9DDE1B422AED002EE811 /* Supporting Files */,
			);
			path = "SQL Fetch Example";
			sourceTree = "<group>";
		};
		2E2E9DDE1B422AED002EE811 /* Supporting Files */ = {
			isa = PBXGroup;
			children = (
				2E2E9DDF1B422AED002EE811 /* Info.plist */,
			);
			name = "Supporting Files";
			sourceTree = "<group>";
		};
		2E2E9DF31B422AED002EE811 /* SQL Fetch ExampleTests */ = {
			isa = PBXGroup;
			children = (
				2E2E9DF61B422AED002EE811 /* SQL_Fetch_ExampleTests.swift */,
				2E2E9DF41B422AED002EE811 /* Supporting Files */,
			);
			path = "SQL Fetch ExampleTests";
			sourceTree = "<group>";
		};
		2E2E9DF41B422AED002EE811 /* Supporting Files */ = {
			isa = PBXGroup;
			children = (
				2E2E9DF51B422AED002EE811 /* Info.plist */,
			);
			name = "Supporting Files";
			sourceTree = "<group>";
		};
		2E2E9E121B422B2E002EE811 /* Database */ = {
			isa = PBXGroup;
			children = (
				2EA4D3B31B4D2AF9008C0A16 /* FMDB */,
				2E44B91F1B43EDC200403B91 /* SQLFetchedResultsController */,
				2E2E9E1B1B422FBA002EE811 /* DatabaseSetup.swift */,
			);
			name = Database;
			sourceTree = "<group>";
		};
		2E44B91F1B43EDC200403B91 /* SQLFetchedResultsController */ = {
			isa = PBXGroup;
			children = (
				2E43D5DE1B4D5F9E008106CF /* SQLFetchedResultsController.h */,
				2E43D5DF1B4D5F9E008106CF /* SQLFetchedResultsController.m */,
				2E43D6251B4DF993008106CF /* SQLFRC.h */,
				2E43D5E01B4D5F9E008106CF /* SQLFetchRequest.h */,
				2E43D5E11B4D5F9E008106CF /* SQLFetchRequest.m */,
				2E43D5E21B4D5F9E008106CF /* SQLSortDescriptor.h */,
				2E43D5E31B4D5F9E008106CF /* SQLSortDescriptor.m */,
				2E0DE7CA1B54C915005657EF /* SQLSectionInfo.h */,
				2E0DE7CB1B54C915005657EF /* SQLSectionInfo.m */,
			);
			name = SQLFetchedResultsController;
			sourceTree = "<group>";
		};
		2EA4D3B31B4D2AF9008C0A16 /* FMDB */ = {
			isa = PBXGroup;
			children = (
				2EA4D3B41B4D2B01008C0A16 /* FMDatabase.h */,
				2EA4D3B51B4D2B01008C0A16 /* FMDatabase.m */,
				2EA4D3B61B4D2B01008C0A16 /* FMDatabaseAdditions.h */,
				2EA4D3B71B4D2B01008C0A16 /* FMDatabaseAdditions.m */,
				2EA4D3B81B4D2B01008C0A16 /* FMDatabasePool.h */,
				2EA4D3B91B4D2B01008C0A16 /* FMDatabasePool.m */,
				2EA4D3BA1B4D2B01008C0A16 /* FMDatabaseQueue.h */,
				2EA4D3BB1B4D2B01008C0A16 /* FMDatabaseQueue.m */,
				2EA4D3BC1B4D2B01008C0A16 /* FMDB.h */,
				2EA4D3BD1B4D2B01008C0A16 /* FMResultSet.h */,
				2EA4D3BE1B4D2B01008C0A16 /* FMResultSet.m */,
			);
			name = FMDB;
			sourceTree = "<group>";
		};
/* End PBXGroup section */

/* Begin PBXNativeTarget section */
		2E2E9DDA1B422AED002EE811 /* SQL Fetch Example */ = {
			isa = PBXNativeTarget;
			buildConfigurationList = 2E2E9DFA1B422AED002EE811 /* Build configuration list for PBXNativeTarget "SQL Fetch Example" */;
			buildPhases = (
				2E2E9DD71B422AED002EE811 /* Sources */,
				2E2E9DD81B422AED002EE811 /* Frameworks */,
				2E2E9DD91B422AED002EE811 /* Resources */,
			);
			buildRules = (
			);
			dependencies = (
			);
			name = "SQL Fetch Example";
			productName = "SQL Fetch Example";
			productReference = 2E2E9DDB1B422AED002EE811 /* SQL Fetch Example.app */;
			productType = "com.apple.product-type.application";
		};
		2E2E9DEF1B422AED002EE811 /* SQL Fetch ExampleTests */ = {
			isa = PBXNativeTarget;
			buildConfigurationList = 2E2E9DFD1B422AED002EE811 /* Build configuration list for PBXNativeTarget "SQL Fetch ExampleTests" */;
			buildPhases = (
				2E2E9DEC1B422AED002EE811 /* Sources */,
				2E2E9DED1B422AED002EE811 /* Frameworks */,
				2E2E9DEE1B422AED002EE811 /* Resources */,
			);
			buildRules = (
			);
			dependencies = (
				2E2E9DF21B422AED002EE811 /* PBXTargetDependency */,
			);
			name = "SQL Fetch ExampleTests";
			productName = "SQL Fetch ExampleTests";
			productReference = 2E2E9DF01B422AED002EE811 /* SQL Fetch ExampleTests.xctest */;
			productType = "com.apple.product-type.bundle.unit-test";
		};
/* End PBXNativeTarget section */

/* Begin PBXProject section */
		2E2E9DD31B422AED002EE811 /* Project object */ = {
			isa = PBXProject;
			attributes = {
				LastUpgradeCheck = 0630;
				ORGANIZATIONNAME = "Daniel Jackson";
				TargetAttributes = {
					2E2E9DDA1B422AED002EE811 = {
						CreatedOnToolsVersion = 6.3.2;
					};
					2E2E9DEF1B422AED002EE811 = {
						CreatedOnToolsVersion = 6.3.2;
						TestTargetID = 2E2E9DDA1B422AED002EE811;
					};
				};
			};
			buildConfigurationList = 2E2E9DD61B422AED002EE811 /* Build configuration list for PBXProject "SQL Fetch Example" */;
			compatibilityVersion = "Xcode 3.2";
			developmentRegion = English;
			hasScannedForEncodings = 0;
			knownRegions = (
				en,
				Base,
			);
			mainGroup = 2E2E9DD21B422AED002EE811;
			productRefGroup = 2E2E9DDC1B422AED002EE811 /* Products */;
			projectDirPath = "";
			projectRoot = "";
			targets = (
				2E2E9DDA1B422AED002EE811 /* SQL Fetch Example */,
				2E2E9DEF1B422AED002EE811 /* SQL Fetch ExampleTests */,
			);
		};
/* End PBXProject section */

/* Begin PBXResourcesBuildPhase section */
		2E2E9DD91B422AED002EE811 /* Resources */ = {
			isa = PBXResourcesBuildPhase;
			buildActionMask = 2147483647;
			files = (
				2E2E9DE61B422AED002EE811 /* Main.storyboard in Resources */,
				2E2E9DEB1B422AED002EE811 /* LaunchScreen.xib in Resources */,
				2E2E9DE81B422AED002EE811 /* Images.xcassets in Resources */,
			);
			runOnlyForDeploymentPostprocessing = 0;
		};
		2E2E9DEE1B422AED002EE811 /* Resources */ = {
			isa = PBXResourcesBuildPhase;
			buildActionMask = 2147483647;
			files = (
			);
			runOnlyForDeploymentPostprocessing = 0;
		};
/* End PBXResourcesBuildPhase section */

/* Begin PBXSourcesBuildPhase section */
		2E2E9DD71B422AED002EE811 /* Sources */ = {
			isa = PBXSourcesBuildPhase;
			buildActionMask = 2147483647;
			files = (
				2E2E9E181B422C87002EE811 /* CreateDataViewController.swift in Sources */,
				2E2E9DE11B422AED002EE811 /* AppDelegate.swift in Sources */,
				2E0DE7CC1B54C915005657EF /* SQLSectionInfo.m in Sources */,
				2E2958741B425DB800421BF7 /* TableViewController.swift in Sources */,
				2EA4D3BF1B4D2B01008C0A16 /* FMDatabase.m in Sources */,
				2EA4D3C11B4D2B01008C0A16 /* FMDatabasePool.m in Sources */,
				2E43D5E61B4D5F9E008106CF /* SQLSortDescriptor.m in Sources */,
				2EA4D3C21B4D2B01008C0A16 /* FMDatabaseQueue.m in Sources */,
				2E2E9E1C1B422FBA002EE811 /* DatabaseSetup.swift in Sources */,
				2EA4D3C31B4D2B01008C0A16 /* FMResultSet.m in Sources */,
				2EA4D3C01B4D2B01008C0A16 /* FMDatabaseAdditions.m in Sources */,
				2E43D5E51B4D5F9E008106CF /* SQLFetchRequest.m in Sources */,
				2E43D5E41B4D5F9E008106CF /* SQLFetchedResultsController.m in Sources */,
			);
			runOnlyForDeploymentPostprocessing = 0;
		};
		2E2E9DEC1B422AED002EE811 /* Sources */ = {
			isa = PBXSourcesBuildPhase;
			buildActionMask = 2147483647;
			files = (
				2E2E9DF71B422AED002EE811 /* SQL_Fetch_ExampleTests.swift in Sources */,
			);
			runOnlyForDeploymentPostprocessing = 0;
		};
/* End PBXSourcesBuildPhase section */

/* Begin PBXTargetDependency section */
		2E2E9DF21B422AED002EE811 /* PBXTargetDependency */ = {
			isa = PBXTargetDependency;
			target = 2E2E9DDA1B422AED002EE811 /* SQL Fetch Example */;
			targetProxy = 2E2E9DF11B422AED002EE811 /* PBXContainerItemProxy */;
		};
/* End PBXTargetDependency section */

/* Begin PBXVariantGroup section */
		2E2E9DE41B422AED002EE811 /* Main.storyboard */ = {
			isa = PBXVariantGroup;
			children = (
				2E2E9DE51B422AED002EE811 /* Base */,
			);
			name = Main.storyboard;
			sourceTree = "<group>";
		};
		2E2E9DE91B422AED002EE811 /* LaunchScreen.xib */ = {
			isa = PBXVariantGroup;
			children = (
				2E2E9DEA1B422AED002EE811 /* Base */,
			);
			name = LaunchScreen.xib;
			sourceTree = "<group>";
		};
/* End PBXVariantGroup section */

/* Begin XCBuildConfiguration section */
		2E2E9DF81B422AED002EE811 /* Debug */ = {
			isa = XCBuildConfiguration;
			buildSettings = {
				ALWAYS_SEARCH_USER_PATHS = NO;
				CLANG_CXX_LANGUAGE_STANDARD = "gnu++0x";
				CLANG_CXX_LIBRARY = "libc++";
				CLANG_ENABLE_MODULES = YES;
				CLANG_ENABLE_OBJC_ARC = YES;
				CLANG_WARN_BOOL_CONVERSION = YES;
				CLANG_WARN_CONSTANT_CONVERSION = YES;
				CLANG_WARN_DIRECT_OBJC_ISA_USAGE = YES_ERROR;
				CLANG_WARN_EMPTY_BODY = YES;
				CLANG_WARN_ENUM_CONVERSION = YES;
				CLANG_WARN_INT_CONVERSION = YES;
				CLANG_WARN_OBJC_ROOT_CLASS = YES_ERROR;
				CLANG_WARN_UNREACHABLE_CODE = YES;
				CLANG_WARN__DUPLICATE_METHOD_MATCH = YES;
				"CODE_SIGN_IDENTITY[sdk=iphoneos*]" = "iPhone Developer";
				COPY_PHASE_STRIP = NO;
				DEBUG_INFORMATION_FORMAT = "dwarf-with-dsym";
				ENABLE_STRICT_OBJC_MSGSEND = YES;
				GCC_C_LANGUAGE_STANDARD = gnu99;
				GCC_DYNAMIC_NO_PIC = NO;
				GCC_NO_COMMON_BLOCKS = YES;
				GCC_OPTIMIZATION_LEVEL = 0;
				GCC_PREPROCESSOR_DEFINITIONS = (
					"DEBUG=1",
					"$(inherited)",
				);
				GCC_SYMBOLS_PRIVATE_EXTERN = NO;
				GCC_WARN_64_TO_32_BIT_CONVERSION = YES;
				GCC_WARN_ABOUT_RETURN_TYPE = YES_ERROR;
				GCC_WARN_UNDECLARED_SELECTOR = YES;
				GCC_WARN_UNINITIALIZED_AUTOS = YES_AGGRESSIVE;
				GCC_WARN_UNUSED_FUNCTION = YES;
				GCC_WARN_UNUSED_VARIABLE = YES;
				IPHONEOS_DEPLOYMENT_TARGET = 8.3;
				MTL_ENABLE_DEBUG_INFO = YES;
				ONLY_ACTIVE_ARCH = YES;
				SDKROOT = iphoneos;
				SWIFT_OPTIMIZATION_LEVEL = "-Onone";
			};
			name = Debug;
		};
		2E2E9DF91B422AED002EE811 /* Release */ = {
			isa = XCBuildConfiguration;
			buildSettings = {
				ALWAYS_SEARCH_USER_PATHS = NO;
				CLANG_CXX_LANGUAGE_STANDARD = "gnu++0x";
				CLANG_CXX_LIBRARY = "libc++";
				CLANG_ENABLE_MODULES = YES;
				CLANG_ENABLE_OBJC_ARC = YES;
				CLANG_WARN_BOOL_CONVERSION = YES;
				CLANG_WARN_CONSTANT_CONVERSION = YES;
				CLANG_WARN_DIRECT_OBJC_ISA_USAGE = YES_ERROR;
				CLANG_WARN_EMPTY_BODY = YES;
				CLANG_WARN_ENUM_CONVERSION = YES;
				CLANG_WARN_INT_CONVERSION = YES;
				CLANG_WARN_OBJC_ROOT_CLASS = YES_ERROR;
				CLANG_WARN_UNREACHABLE_CODE = YES;
				CLANG_WARN__DUPLICATE_METHOD_MATCH = YES;
				"CODE_SIGN_IDENTITY[sdk=iphoneos*]" = "iPhone Developer";
				COPY_PHASE_STRIP = NO;
				DEBUG_INFORMATION_FORMAT = "dwarf-with-dsym";
				ENABLE_NS_ASSERTIONS = NO;
				ENABLE_STRICT_OBJC_MSGSEND = YES;
				GCC_C_LANGUAGE_STANDARD = gnu99;
				GCC_NO_COMMON_BLOCKS = YES;
				GCC_WARN_64_TO_32_BIT_CONVERSION = YES;
				GCC_WARN_ABOUT_RETURN_TYPE = YES_ERROR;
				GCC_WARN_UNDECLARED_SELECTOR = YES;
				GCC_WARN_UNINITIALIZED_AUTOS = YES_AGGRESSIVE;
				GCC_WARN_UNUSED_FUNCTION = YES;
				GCC_WARN_UNUSED_VARIABLE = YES;
				IPHONEOS_DEPLOYMENT_TARGET = 8.3;
				MTL_ENABLE_DEBUG_INFO = NO;
				SDKROOT = iphoneos;
				VALIDATE_PRODUCT = YES;
			};
			name = Release;
		};
		2E2E9DFB1B422AED002EE811 /* Debug */ = {
			isa = XCBuildConfiguration;
			buildSettings = {
				ASSETCATALOG_COMPILER_APPICON_NAME = AppIcon;
				CLANG_ENABLE_MODULES = YES;
				INFOPLIST_FILE = "SQL Fetch Example/Info.plist";
				LD_RUNPATH_SEARCH_PATHS = "$(inherited) @executable_path/Frameworks";
				PRODUCT_NAME = "$(TARGET_NAME)";
				SWIFT_OBJC_BRIDGING_HEADER = "SQL Fetch Example/SQL Fetch Example-Bridging-Header.h";
				SWIFT_OPTIMIZATION_LEVEL = "-Onone";
			};
			name = Debug;
		};
		2E2E9DFC1B422AED002EE811 /* Release */ = {
			isa = XCBuildConfiguration;
			buildSettings = {
				ASSETCATALOG_COMPILER_APPICON_NAME = AppIcon;
				CLANG_ENABLE_MODULES = YES;
				INFOPLIST_FILE = "SQL Fetch Example/Info.plist";
				LD_RUNPATH_SEARCH_PATHS = "$(inherited) @executable_path/Frameworks";
				PRODUCT_NAME = "$(TARGET_NAME)";
				SWIFT_OBJC_BRIDGING_HEADER = "SQL Fetch Example/SQL Fetch Example-Bridging-Header.h";
			};
			name = Release;
		};
		2E2E9DFE1B422AED002EE811 /* Debug */ = {
			isa = XCBuildConfiguration;
			buildSettings = {
				BUNDLE_LOADER = "$(TEST_HOST)";
				FRAMEWORK_SEARCH_PATHS = (
					"$(SDKROOT)/Developer/Library/Frameworks",
					"$(inherited)",
				);
				GCC_PREPROCESSOR_DEFINITIONS = (
					"DEBUG=1",
					"$(inherited)",
				);
				INFOPLIST_FILE = "SQL Fetch ExampleTests/Info.plist";
				LD_RUNPATH_SEARCH_PATHS = "$(inherited) @executable_path/Frameworks @loader_path/Frameworks";
				PRODUCT_NAME = "$(TARGET_NAME)";
				TEST_HOST = "$(BUILT_PRODUCTS_DIR)/SQL Fetch Example.app/SQL Fetch Example";
			};
			name = Debug;
		};
		2E2E9DFF1B422AED002EE811 /* Release */ = {
			isa = XCBuildConfiguration;
			buildSettings = {
				BUNDLE_LOADER = "$(TEST_HOST)";
				FRAMEWORK_SEARCH_PATHS = (
					"$(SDKROOT)/Developer/Library/Frameworks",
					"$(inherited)",
				);
				INFOPLIST_FILE = "SQL Fetch ExampleTests/Info.plist";
				LD_RUNPATH_SEARCH_PATHS = "$(inherited) @executable_path/Frameworks @loader_path/Frameworks";
				PRODUCT_NAME = "$(TARGET_NAME)";
				TEST_HOST = "$(BUILT_PRODUCTS_DIR)/SQL Fetch Example.app/SQL Fetch Example";
			};
			name = Release;
		};
/* End XCBuildConfiguration section */

/* Begin XCConfigurationList section */
		2E2E9DD61B422AED002EE811 /* Build configuration list for PBXProject "SQL Fetch Example" */ = {
			isa = XCConfigurationList;
			buildConfigurations = (
				2E2E9DF81B422AED002EE811 /* Debug */,
				2E2E9DF91B422AED002EE811 /* Release */,
			);
			defaultConfigurationIsVisible = 0;
			defaultConfigurationName = Release;
		};
		2E2E9DFA1B422AED002EE811 /* Build configuration list for PBXNativeTarget "SQL Fetch Example" */ = {
			isa = XCConfigurationList;
			buildConfigurations = (
				2E2E9DFB1B422AED002EE811 /* Debug */,
				2E2E9DFC1B422AED002EE811 /* Release */,
			);
			defaultConfigurationIsVisible = 0;
			defaultConfigurationName = Release;
		};
		2E2E9DFD1B422AED002EE811 /* Build configuration list for PBXNativeTarget "SQL Fetch ExampleTests" */ = {
			isa = XCConfigurationList;
			buildConfigurations = (
				2E2E9DFE1B422AED002EE811 /* Debug */,
				2E2E9DFF1B422AED002EE811 /* Release */,
			);
			defaultConfigurationIsVisible = 0;
			defaultConfigurationName = Release;
		};
/* End XCConfigurationList section */
	};
	rootObject = 2E2E9DD31B422AED002EE811 /* Project object */;
}
